
Microsoft Visual Studio Solution File, Format Version 12.00
# Visual Studio Version 16
VisualStudioVersion = 16.0.30709.132
MinimumVisualStudioVersion = 10.0.40219.1
Project("{FAE04EC0-301F-11D3-BF4B-00C04F79EFBC}") = "TurnpikeGate", "TurnpikeGate.csproj", "{BF154731-617E-49FC-89CF-B08A6B0172EF}"
EndProject
Global
	GlobalSection(SolutionConfigurationPlatforms) = preSolution
		Debug|Any CPU = Debug|Any CPU
		Release|Any CPU = Release|Any CPU
	EndGlobalSection
	GlobalSection(ProjectConfigurationPlatforms) = postSolution
		{BF154731-617E-49FC-89CF-B08A6B0172EF}.Debug|Any CPU.ActiveCfg = Debug|Any CPU
		{BF154731-617E-49FC-89CF-B08A6B0172EF}.Debug|Any CPU.Build.0 = Debug|Any CPU
		{BF154731-617E-49FC-89CF-B08A6B0172EF}.Release|Any CPU.ActiveCfg = Release|Any CPU
		{BF154731-617E-49FC-89CF-B08A6B0172EF}.Release|Any CPU.Build.0 = Release|Any CPU
	EndGlobalSection
	GlobalSection(SolutionProperties) = preSolution
		HideSolutionNode = FALSE
	EndGlobalSection
	GlobalSection(ExtensibilityGlobals) = postSolution
		SolutionGuid = {EA774384-F718-48A9-96C4-F5E810A0858D}
	EndGlobalSection
EndGlobal
